// !$*UTF8*$!
{
	archiveVersion = 1;
	classes = {
	};
	objectVersion = 56;
	objects = {

/* Begin PBXBuildFile section */
		B9276C202FDA6403002D4273 /* ecomm_demoApp.swift in Sources */ = {isa = PBXBuildFile; fileRef = B9276C1F2FDA6403002D4273 /* ecomm_demoApp.swift */; };
		B9276C222FDA6403002D4273 /* ContentView.swift in Sources */ = {isa = PBXBuildFile; fileRef = B9276C212FDA6403002D4273 /* ContentView.swift */; };
		B9276C242FDA6405002D4273 /* Assets.xcassets in Resources */ = {isa = PBXBuildFile; fileRef = B9276C232FDA6405002D4273 /* Assets.xcassets */; };
		B9276C282FDA6405002D4273 /* Preview Assets.xcassets in Resources */ = {isa = PBXBuildFile; fileRef = B9276C272FDA6405002D4273 /* Preview Assets.xcassets */; };
		B9276C322FDA6406002D4273 /* ecomm_demoTests.swift in Sources */ = {isa = PBXBuildFile; fileRef = B9276C312FDA6406002D4273 /* ecomm_demoTests.swift */; };
		B9276C3C2FDA6406002D4273 /* ecomm_demoUITests.swift in Sources */ = {isa = PBXBuildFile; fileRef = B9276C3B2FDA6406002D4273 /* ecomm_demoUITests.swift */; };
		B9276C3E2FDA6406002D4273 /* ecomm_demoUITestsLaunchTests.swift in Sources */ = {isa = PBXBuildFile; fileRef = B9276C3D2FDA6406002D4273 /* ecomm_demoUITestsLaunchTests.swift */; };
/* End PBXBuildFile section */

/* Begin PBXContainerItemProxy section */
		B9276C2E2FDA6406002D4273 /* PBXContainerItemProxy */ = {
			isa = PBXContainerItemProxy;
			containerPortal = B9276C142FDA6403002D4273 /* Project object */;
			proxyType = 1;
			remoteGlobalIDString = B9276C1B2FDA6403002D4273;
			remoteInfo = ecomm_demo;
		};
		B9276C382FDA6406002D4273 /* PBXContainerItemProxy */ = {
			isa = PBXContainerItemProxy;
			containerPortal = B9276C142FDA6403002D4273 /* Project object */;
			proxyType = 1;
			remoteGlobalIDString = B9276C1B2FDA6403002D4273;
			remoteInfo = ecomm_demo;
		};
/* End PBXContainerItemProxy section */

/* Begin PBXFileReference section */
		B9276C1C2FDA6403002D4273 /* ecomm_demo.app */ = {isa = PBXFileReference; explicitFileType = wrapper.application; includeInIndex = 0; path = ecomm_demo.app; sourceTree = BUILT_PRODUCTS_DIR; };
		B9276C1F2FDA6403002D4273 /* ecomm_demoApp.swift */ = {isa = PBXFileReference; lastKnownFileType = sourcecode.swift; path = ecomm_demoApp.swift; sourceTree = "<group>"; };
		B9276C212FDA6403002D4273 /* ContentView.swift */ = {isa = PBXFileReference; lastKnownFileType = sourcecode.swift; path = ContentView.swift; sourceTree = "<group>"; };
		B9276C232FDA6405002D4273 /* Assets.xcassets */ = {isa = PBXFileReference; lastKnownFileType = folder.assetcatalog; path = Assets.xcassets; sourceTree = "<group>"; };
		B9276C252FDA6405002D4273 /* ecomm_demo.entitlements */ = {isa = PBXFileReference; lastKnownFileType = text.plist.entitlements; path = ecomm_demo.entitlements; sourceTree = "<group>"; };
		B9276C272FDA6405002D4273 /* Preview Assets.xcassets */ = {isa = PBXFileReference; lastKnownFileType = folder.assetcatalog; path = "Preview Assets.xcassets"; sourceTree = "<group>"; };
		B9276C2D2FDA6406002D4273 /* ecomm_demoTests.xctest */ = {isa = PBXFileReference; explicitFileType = wrapper.cfbundle; includeInIndex = 0; path = ecomm_demoTests.xctest; sourceTree = BUILT_PRODUCTS_DIR; };
		B9276C312FDA6406002D4273 /* ecomm_demoTests.swift */ = {isa = PBXFileReference; lastKnownFileType = sourcecode.swift; path = ecomm_demoTests.swift; sourceTree = "<group>"; };
		B9276C372FDA6406002D4273 /* ecomm_demoUITests.xctest */ = {isa = PBXFileReference; explicitFileType = wrapper.cfbundle; includeInIndex = 0; path = ecomm_demoUITests.xctest; sourceTree = BUILT_PRODUCTS_DIR; };
		B9276C3B2FDA6406002D4273 /* ecomm_demoUITests.swift */ = {isa = PBXFileReference; lastKnownFileType = sourcecode.swift; path = ecomm_demoUITests.swift; sourceTree = "<group>"; };
		B9276C3D2FDA6406002D4273 /* ecomm_demoUITestsLaunchTests.swift */ = {isa = PBXFileReference; lastKnownFileType = sourcecode.swift; path = ecomm_demoUITestsLaunchTests.swift; sourceTree = "<group>"; };
/* End PBXFileReference section */

/* Begin PBXFrameworksBuildPhase section */
		B9276C192FDA6403002D4273 /* Frameworks */ = {
			isa = PBXFrameworksBuildPhase;
			buildActionMask = 2147483647;
			files = (
			);
			runOnlyForDeploymentPostprocessing = 0;
		};
		B9276C2A2FDA6406002D4273 /* Frameworks */ = {
			isa = PBXFrameworksBuildPhase;
			buildActionMask = 2147483647;
			files = (
			);
			runOnlyForDeploymentPostprocessing = 0;
		};
		B9276C342FDA6406002D4273 /* Frameworks */ = {
			isa = PBXFrameworksBuildPhase;
			buildActionMask = 2147483647;
			files = (
			);
			runOnlyForDeploymentPostprocessing = 0;
		};
/* End PBXFrameworksBuildPhase section */

/* Begin PBXGroup section */
		B9276C132FDA6403002D4273 = {
			isa = PBXGroup;
			children = (
				B9276C1E2FDA6403002D4273 /* ecomm_demo */,
				B9276C302FDA6406002D4273 /* ecomm_demoTests */,
				B9276C3A2FDA6406002D4273 /* ecomm_demoUITests */,
				B9276C1D2FDA6403002D4273 /* Products */,
			);
			sourceTree = "<group>";
		};
		B9276C1D2FDA6403002D4273 /* Products */ = {
			isa = PBXGroup;
			children = (
				B9276C1C2FDA6403002D4273 /* ecomm_demo.app */,
				B9276C2D2FDA6406002D4273 /* ecomm_demoTests.xctest */,
				B9276C372FDA6406002D4273 /* ecomm_demoUITests.xctest */,
			);
			name = Products;
			sourceTree = "<group>";
		};
		B9276C1E2FDA6403002D4273 /* ecomm_demo */ = {
			isa = PBXGroup;
			children = (
				B9276C1F2FDA6403002D4273 /* ecomm_demoApp.swift */,
				B9276C212FDA6403002D4273 /* ContentView.swift */,
				B9276C232FDA6405002D4273 /* Assets.xcassets */,
				B9276C252FDA6405002D4273 /* ecomm_demo.entitlements */,
				B9276C262FDA6405002D4273 /* Preview Content */,
			);
			path = ecomm_demo;
			sourceTree = "<group>";
		};
		B9276C262FDA6405002D4273 /* Preview Content */ = {
			isa = PBXGroup;
			children = (
				B9276C272FDA6405002D4273 /* Preview Assets.xcassets */,
			);
			path = "Preview Content";
			sourceTree = "<group>";
		};
		B9276C302FDA6406002D4273 /* ecomm_demoTests */ = {
			isa = PBXGroup;
			children = (
				B9276C312FDA6406002D4273 /* ecomm_demoTests.swift */,
			);
			path = ecomm_demoTests;
			sourceTree = "<group>";
		};
		B9276C3A2FDA6406002D4273 /* ecomm_demoUITests */ = {
			isa = PBXGroup;
			children = (
				B9276C3B2FDA6406002D4273 /* ecomm_demoUITests.swift */,
				B9276C3D2FDA6406002D4273 /* ecomm_demoUITestsLaunchTests.swift */,
			);
			path = ecomm_demoUITests;
			sourceTree = "<group>";
		};
/* End PBXGroup section */

/* Begin PBXNativeTarget section */
		B9276C1B2FDA6403002D4273 /* ecomm_demo */ = {
			isa = PBXNativeTarget;
			buildConfigurationList = B9276C412FDA6406002D4273 /* Build configuration list for PBXNativeTarget "ecomm_demo" */;
			buildPhases = (
				B9276C182FDA6403002D4273 /* Sources */,
				B9276C192FDA6403002D4273 /* Frameworks */,
				B9276C1A2FDA6403002D4273 /* Resources */,
			);
			buildRules = (
			);
			dependencies = (
			);
			name = ecomm_demo;
			productName = ecomm_demo;
			productReference = B9276C1C2FDA6403002D4273 /* ecomm_demo.app */;
			productType = "com.apple.product-type.application";
		};
		B9276C2C2FDA6406002D4273 /* ecomm_demoTests */ = {
			isa = PBXNativeTarget;
			buildConfigurationList = B9276C442FDA6406002D4273 /* Build configuration list for PBXNativeTarget "ecomm_demoTests" */;
			buildPhases = (
				B9276C292FDA6406002D4273 /* Sources */,
				B9276C2A2FDA6406002D4273 /* Frameworks */,
				B9276C2B2FDA6406002D4273 /* Resources */,
			);
			buildRules = (
			);
			dependencies = (
				B9276C2F2FDA6406002D4273 /* PBXTargetDependency */,
			);
			name = ecomm_demoTests;
			productName = ecomm_demoTests;
			productReference = B9276C2D2FDA6406002D4273 /* ecomm_demoTests.xctest */;
			productType = "com.apple.product-type.bundle.unit-test";
		};
		B9276C362FDA6406002D4273 /* ecomm_demoUITests */ = {
			isa = PBXNativeTarget;
			buildConfigurationList = B9276C472FDA6406002D4273 /* Build configuration list for PBXNativeTarget "ecomm_demoUITests" */;
			buildPhases = (
				B9276C332FDA6406002D4273 /* Sources */,
				B9276C342FDA6406002D4273 /* Frameworks */,
				B9276C352FDA6406002D4273 /* Resources */,
			);
			buildRules = (
			);
			dependencies = (
				B9276C392FDA6406002D4273 /* PBXTargetDependency */,
			);
			name = ecomm_demoUITests;
			productName = ecomm_demoUITests;
			productReference = B9276C372FDA6406002D4273 /* ecomm_demoUITests.xctest */;
			productType = "com.apple.product-type.bundle.ui-testing";
		};
/* End PBXNativeTarget section */

/* Begin PBXProject section */
		B9276C142FDA6403002D4273 /* Project object */ = {
			isa = PBXProject;
			attributes = {
				BuildIndependentTargetsInParallel = 1;
				LastSwiftUpdateCheck = 1420;
				LastUpgradeCheck = 1420;
				TargetAttributes = {
					B9276C1B2FDA6403002D4273 = {
						CreatedOnToolsVersion = 14.2;
					};
					B9276C2C2FDA6406002D4273 = {
						CreatedOnToolsVersion = 14.2;
						TestTargetID = B9276C1B2FDA6403002D4273;
					};
					B9276C362FDA6406002D4273 = {
						CreatedOnToolsVersion = 14.2;
						TestTargetID = B9276C1B2FDA6403002D4273;
					};
				};
			};
			buildConfigurationList = B9276C172FDA6403002D4273 /* Build configuration list for PBXProject "ecomm_demo" */;
			compatibilityVersion = "Xcode 14.0";
			developmentRegion = en;
			hasScannedForEncodings = 0;
			knownRegions = (
				en,
				Base,
			);
			mainGroup = B9276C132FDA6403002D4273;
			productRefGroup = B9276C1D2FDA6403002D4273 /* Products */;
			projectDirPath = "";
			projectRoot = "";
			targets = (
				B9276C1B2FDA6403002D4273 /* ecomm_demo */,
				B9276C2C2FDA6406002D4273 /* ecomm_demoTests */,
				B9276C362FDA6406002D4273 /* ecomm_demoUITests */,
			);
		};
/* End PBXProject section */

/* Begin PBXResourcesBuildPhase section */
		B9276C1A2FDA6403002D4273 /* Resources */ = {
			isa = PBXResourcesBuildPhase;
			buildActionMask = 2147483647;
			files = (
				B9276C282FDA6405002D4273 /* Preview Assets.xcassets in Resources */,
				B9276C242FDA6405002D4273 /* Assets.xcassets in Resources */,
			);
			runOnlyForDeploymentPostprocessing = 0;
		};
		B9276C2B2FDA6406002D4273 /* Resources */ = {
			isa = PBXResourcesBuildPhase;
			buildActionMask = 2147483647;
			files = (
			);
			runOnlyForDeploymentPostprocessing = 0;
		};
		B9276C352FDA6406002D4273 /* Resources */ = {
			isa = PBXResourcesBuildPhase;
			buildActionMask = 2147483647;
			files = (
			);
			runOnlyForDeploymentPostprocessing = 0;
		};
/* End PBXResourcesBuildPhase section */

/* Begin PBXSourcesBuildPhase section */
		B9276C182FDA6403002D4273 /* Sources */ = {
			isa = PBXSourcesBuildPhase;
			buildActionMask = 2147483647;
			files = (
				B9276C222FDA6403002D4273 /* ContentView.swift in Sources */,
				B9276C202FDA6403002D4273 /* ecomm_demoApp.swift in Sources */,
			);
			runOnlyForDeploymentPostprocessing = 0;
		};
		B9276C292FDA6406002D4273 /* Sources */ = {
			isa = PBXSourcesBuildPhase;
			buildActionMask = 2147483647;
			files = (
				B9276C322FDA6406002D4273 /* ecomm_demoTests.swift in Sources */,
			);
			runOnlyForDeploymentPostprocessing = 0;
		};
		B9276C332FDA6406002D4273 /* Sources */ = {
			isa = PBXSourcesBuildPhase;
			buildActionMask = 2147483647;
			files = (
				B9276C3C2FDA6406002D4273 /* ecomm_demoUITests.swift in Sources */,
				B9276C3E2FDA6406002D4273 /* ecomm_demoUITestsLaunchTests.swift in Sources */,
			);
			runOnlyForDeploymentPostprocessing = 0;
		};
/* End PBXSourcesBuildPhase section */

/* Begin PBXTargetDependency section */
		B9276C2F2FDA6406002D4273 /* PBXTargetDependency */ = {
			isa = PBXTargetDependency;
			target = B9276C1B2FDA6403002D4273 /* ecomm_demo */;
			targetProxy = B9276C2E2FDA6406002D4273 /* PBXContainerItemProxy */;
		};
		B9276C392FDA6406002D4273 /* PBXTargetDependency */ = {
			isa = PBXTargetDependency;
			target = B9276C1B2FDA6403002D4273 /* ecomm_demo */;
			targetProxy = B9276C382FDA6406002D4273 /* PBXContainerItemProxy */;
		};
/* End PBXTargetDependency section */

/* Begin XCBuildConfiguration section */
		B9276C3F2FDA6406002D4273 /* Debug */ = {
			isa = XCBuildConfiguration;
			buildSettings = {
				ALWAYS_SEARCH_USER_PATHS = NO;
				CLANG_ANALYZER_NONNULL = YES;
				CLANG_ANALYZER_NUMBER_OBJECT_CONVERSION = YES_AGGRESSIVE;
				CLANG_CXX_LANGUAGE_STANDARD = "gnu++20";
				CLANG_ENABLE_MODULES = YES;
				CLANG_ENABLE_OBJC_ARC = YES;
				CLANG_ENABLE_OBJC_WEAK = YES;
				CLANG_WARN_BLOCK_CAPTURE_AUTORELEASING = YES;
				CLANG_WARN_BOOL_CONVERSION = YES;
				CLANG_WARN_COMMA = YES;
				CLANG_WARN_CONSTANT_CONVERSION = YES;
				CLANG_WARN_DEPRECATED_OBJC_IMPLEMENTATIONS = YES;
				CLANG_WARN_DIRECT_OBJC_ISA_USAGE = YES_ERROR;
				CLANG_WARN_DOCUMENTATION_COMMENTS = YES;
				CLANG_WARN_EMPTY_BODY = YES;
				CLANG_WARN_ENUM_CONVERSION = YES;
				CLANG_WARN_INFINITE_RECURSION = YES;
				CLANG_WARN_INT_CONVERSION = YES;
				CLANG_WARN_NON_LITERAL_NULL_CONVERSION = YES;
				CLANG_WARN_OBJC_IMPLICIT_RETAIN_SELF = YES;
				CLANG_WARN_OBJC_LITERAL_CONVERSION = YES;
				CLANG_WARN_OBJC_ROOT_CLASS = YES_ERROR;
				CLANG_WARN_QUOTED_INCLUDE_IN_FRAMEWORK_HEADER = YES;
				CLANG_WARN_RANGE_LOOP_ANALYSIS = YES;
				CLANG_WARN_STRICT_PROTOTYPES = YES;
				CLANG_WARN_SUSPICIOUS_MOVE = YES;
				CLANG_WARN_UNGUARDED_AVAILABILITY = YES_AGGRESSIVE;
				CLANG_WARN_UNREACHABLE_CODE = YES;
				CLANG_WARN__DUPLICATE_METHOD_MATCH = YES;
				COPY_PHASE_STRIP = NO;
				DEBUG_INFORMATION_FORMAT = dwarf;
				ENABLE_STRICT_OBJC_MSGSEND = YES;
				ENABLE_TESTABILITY = YES;
				GCC_C_LANGUAGE_STANDARD = gnu11;
				GCC_DYNAMIC_NO_PIC = NO;
				GCC_NO_COMMON_BLOCKS = YES;
				GCC_OPTIMIZATION_LEVEL = 0;
				GCC_PREPROCESSOR_DEFINITIONS = (
					"DEBUG=1",
					"$(inherited)",
				);
				GCC_WARN_64_TO_32_BIT_CONVERSION = YES;
				GCC_WARN_ABOUT_RETURN_TYPE = YES_ERROR;
				GCC_WARN_UNDECLARED_SELECTOR = YES;
				GCC_WARN_UNINITIALIZED_AUTOS = YES_AGGRESSIVE;
				GCC_WARN_UNUSED_FUNCTION = YES;
				GCC_WARN_UNUSED_VARIABLE = YES;
				MTL_ENABLE_DEBUG_INFO = INCLUDE_SOURCE;
				MTL_FAST_MATH = YES;
				ONLY_ACTIVE_ARCH = YES;
				SWIFT_ACTIVE_COMPILATION_CONDITIONS = DEBUG;
				SWIFT_OPTIMIZATION_LEVEL = "-Onone";
			};
			name = Debug;
		};
		B9276C402FDA6406002D4273 /* Release */ = {
			isa = XCBuildConfiguration;
			buildSettings = {
				ALWAYS_SEARCH_USER_PATHS = NO;
				CLANG_ANALYZER_NONNULL = YES;
				CLANG_ANALYZER_NUMBER_OBJECT_CONVERSION = YES_AGGRESSIVE;
				CLANG_CXX_LANGUAGE_STANDARD = "gnu++20";
				CLANG_ENABLE_MODULES = YES;
				CLANG_ENABLE_OBJC_ARC = YES;
				CLANG_ENABLE_OBJC_WEAK = YES;
				CLANG_WARN_BLOCK_CAPTURE_AUTORELEASING = YES;
				CLANG_WARN_BOOL_CONVERSION = YES;
				CLANG_WARN_COMMA = YES;
				CLANG_WARN_CONSTANT_CONVERSION = YES;
				CLANG_WARN_DEPRECATED_OBJC_IMPLEMENTATIONS = YES;
				CLANG_WARN_DIRECT_OBJC_ISA_USAGE = YES_ERROR;
				CLANG_WARN_DOCUMENTATION_COMMENTS = YES;
				CLANG_WARN_EMPTY_BODY = YES;
				CLANG_WARN_ENUM_CONVERSION = YES;
				CLANG_WARN_INFINITE_RECURSION = YES;
				CLANG_WARN_INT_CONVERSION = YES;
				CLANG_WARN_NON_LITERAL_NULL_CONVERSION = YES;
				CLANG_WARN_OBJC_IMPLICIT_RETAIN_SELF = YES;
				CLANG_WARN_OBJC_LITERAL_CONVERSION = YES;
				CLANG_WARN_OBJC_ROOT_CLASS = YES_ERROR;
				CLANG_WARN_QUOTED_INCLUDE_IN_FRAMEWORK_HEADER = YES;
				CLANG_WARN_RANGE_LOOP_ANALYSIS = YES;
				CLANG_WARN_STRICT_PROTOTYPES = YES;
				CLANG_WARN_SUSPICIOUS_MOVE = YES;
				CLANG_WARN_UNGUARDED_AVAILABILITY = YES_AGGRESSIVE;
				CLANG_WARN_UNREACHABLE_CODE = YES;
				CLANG_WARN__DUPLICATE_METHOD_MATCH = YES;
				COPY_PHASE_STRIP = NO;
				DEBUG_INFORMATION_FORMAT = "dwarf-with-dsym";
				ENABLE_NS_ASSERTIONS = NO;
				ENABLE_STRICT_OBJC_MSGSEND = YES;
				GCC_C_LANGUAGE_STANDARD = gnu11;
				GCC_NO_COMMON_BLOCKS = YES;
				GCC_WARN_64_TO_32_BIT_CONVERSION = YES;
				GCC_WARN_ABOUT_RETURN_TYPE = YES_ERROR;
				GCC_WARN_UNDECLARED_SELECTOR = YES;
				GCC_WARN_UNINITIALIZED_AUTOS = YES_AGGRESSIVE;
				GCC_WARN_UNUSED_FUNCTION = YES;
				GCC_WARN_UNUSED_VARIABLE = YES;
				MTL_ENABLE_DEBUG_INFO = NO;
				MTL_FAST_MATH = YES;
				SWIFT_COMPILATION_MODE = wholemodule;
				SWIFT_OPTIMIZATION_LEVEL = "-O";
			};
			name = Release;
		};
		B9276C422FDA6406002D4273 /* Debug */ = {
			isa = XCBuildConfiguration;
			buildSettings = {
				ASSETCATALOG_COMPILER_APPICON_NAME = AppIcon;
				ASSETCATALOG_COMPILER_GLOBAL_ACCENT_COLOR_NAME = AccentColor;
				CODE_SIGN_ENTITLEMENTS = ecomm_demo/ecomm_demo.entitlements;
				CODE_SIGN_STYLE = Automatic;
				CURRENT_PROJECT_VERSION = 1;
				DEVELOPMENT_ASSET_PATHS = "\"ecomm_demo/Preview Content\"";
				DEVELOPMENT_TEAM = SPUV4PZBQ3;
				ENABLE_HARDENED_RUNTIME = YES;
				ENABLE_PREVIEWS = YES;
				GENERATE_INFOPLIST_FILE = YES;
				"INFOPLIST_KEY_UIApplicationSceneManifest_Generation[sdk=iphoneos*]" = YES;
				"INFOPLIST_KEY_UIApplicationSceneManifest_Generation[sdk=iphonesimulator*]" = YES;
				"INFOPLIST_KEY_UIApplicationSupportsIndirectInputEvents[sdk=iphoneos*]" = YES;
				"INFOPLIST_KEY_UIApplicationSupportsIndirectInputEvents[sdk=iphonesimulator*]" = YES;
				"INFOPLIST_KEY_UILaunchScreen_Generation[sdk=iphoneos*]" = YES;
				"INFOPLIST_KEY_UILaunchScreen_Generation[sdk=iphonesimulator*]" = YES;
				"INFOPLIST_KEY_UIStatusBarStyle[sdk=iphoneos*]" = UIStatusBarStyleDefault;
				"INFOPLIST_KEY_UIStatusBarStyle[sdk=iphonesimulator*]" = UIStatusBarStyleDefault;
				INFOPLIST_KEY_UISupportedInterfaceOrientations_iPad = "UIInterfaceOrientationPortrait UIInterfaceOrientationPortraitUpsideDown UIInterfaceOrientationLandscapeLeft UIInterfaceOrientationLandscapeRight";
				INFOPLIST_KEY_UISupportedInterfaceOrientations_iPhone = "UIInterfaceOrientationPortrait UIInterfaceOrientationLandscapeLeft UIInterfaceOrientationLandscapeRight";
				IPHONEOS_DEPLOYMENT_TARGET = 16.2;
				LD_RUNPATH_SEARCH_PATHS = "@executable_path/Frameworks";
				"LD_RUNPATH_SEARCH_PATHS[sdk=macosx*]" = "@executable_path/../Frameworks";
				MACOSX_DEPLOYMENT_TARGET = 12.7;
				MARKETING_VERSION = 1.0;
				PRODUCT_BUNDLE_IDENTIFIER = "com.ecomm-demo.ecomm-demo";
				PRODUCT_NAME = "$(TARGET_NAME)";
				SDKROOT = auto;
				SUPPORTED_PLATFORMS = "iphoneos iphonesimulator macosx";
				SWIFT_EMIT_LOC_STRINGS = YES;
				SWIFT_VERSION = 5.0;
				TARGETED_DEVICE_FAMILY = "1,2";
			};
			name = Debug;
		};
		B9276C432FDA6406002D4273 /* Release */ = {
			isa = XCBuildConfiguration;
			buildSettings = {
				ASSETCATALOG_COMPILER_APPICON_NAME = AppIcon;
				ASSETCATALOG_COMPILER_GLOBAL_ACCENT_COLOR_NAME = AccentColor;
				CODE_SIGN_ENTITLEMENTS = ecomm_demo/ecomm_demo.entitlements;
				CODE_SIGN_STYLE = Automatic;
				CURRENT_PROJECT_VERSION = 1;
				DEVELOPMENT_ASSET_PATHS = "\"ecomm_demo/Preview Content\"";
				DEVELOPMENT_TEAM = SPUV4PZBQ3;
				ENABLE_HARDENED_RUNTIME = YES;
				ENABLE_PREVIEWS = YES;
				GENERATE_INFOPLIST_FILE = YES;
				"INFOPLIST_KEY_UIApplicationSceneManifest_Generation[sdk=iphoneos*]" = YES;
				"INFOPLIST_KEY_UIApplicationSceneManifest_Generation[sdk=iphonesimulator*]" = YES;
				"INFOPLIST_KEY_UIApplicationSupportsIndirectInputEvents[sdk=iphoneos*]" = YES;
				"INFOPLIST_KEY_UIApplicationSupportsIndirectInputEvents[sdk=iphonesimulator*]" = YES;
				"INFOPLIST_KEY_UILaunchScreen_Generation[sdk=iphoneos*]" = YES;
				"INFOPLIST_KEY_UILaunchScreen_Generation[sdk=iphonesimulator*]" = YES;
				"INFOPLIST_KEY_UIStatusBarStyle[sdk=iphoneos*]" = UIStatusBarStyleDefault;
				"INFOPLIST_KEY_UIStatusBarStyle[sdk=iphonesimulator*]" = UIStatusBarStyleDefault;
				INFOPLIST_KEY_UISupportedInterfaceOrientations_iPad = "UIInterfaceOrientationPortrait UIInterfaceOrientationPortraitUpsideDown UIInterfaceOrientationLandscapeLeft UIInterfaceOrientationLandscapeRight";
				INFOPLIST_KEY_UISupportedInterfaceOrientations_iPhone = "UIInterfaceOrientationPortrait UIInterfaceOrientationLandscapeLeft UIInterfaceOrientationLandscapeRight";
				IPHONEOS_DEPLOYMENT_TARGET = 16.2;
				LD_RUNPATH_SEARCH_PATHS = "@executable_path/Frameworks";
				"LD_RUNPATH_SEARCH_PATHS[sdk=macosx*]" = "@executable_path/../Frameworks";
				MACOSX_DEPLOYMENT_TARGET = 12.7;
				MARKETING_VERSION = 1.0;
				PRODUCT_BUNDLE_IDENTIFIER = "com.ecomm-demo.ecomm-demo";
				PRODUCT_NAME = "$(TARGET_NAME)";
				SDKROOT = auto;
				SUPPORTED_PLATFORMS = "iphoneos iphonesimulator macosx";
				SWIFT_EMIT_LOC_STRINGS = YES;
				SWIFT_VERSION = 5.0;
				TARGETED_DEVICE_FAMILY = "1,2";
			};
			name = Release;
		};
		B9276C452FDA6406002D4273 /* Debug */ = {
			isa = XCBuildConfiguration;
			buildSettings = {
				ALWAYS_EMBED_SWIFT_STANDARD_LIBRARIES = YES;
				BUNDLE_LOADER = "$(TEST_HOST)";
				CODE_SIGN_STYLE = Automatic;
				CURRENT_PROJECT_VERSION = 1;
				DEVELOPMENT_TEAM = SPUV4PZBQ3;
				GENERATE_INFOPLIST_FILE = YES;
				IPHONEOS_DEPLOYMENT_TARGET = 16.2;
				MACOSX_DEPLOYMENT_TARGET = 12.7;
				MARKETING_VERSION = 1.0;
				PRODUCT_BUNDLE_IDENTIFIER = "com.ecomm-demo.ecomm-demoTests";
				PRODUCT_NAME = "$(TARGET_NAME)";
				SDKROOT = auto;
				SUPPORTED_PLATFORMS = "iphoneos iphonesimulator macosx";
				SWIFT_EMIT_LOC_STRINGS = NO;
				SWIFT_VERSION = 5.0;
				TARGETED_DEVICE_FAMILY = "1,2";
				TEST_HOST = "$(BUILT_PRODUCTS_DIR)/ecomm_demo.app/$(BUNDLE_EXECUTABLE_FOLDER_PATH)/ecomm_demo";
			};
			name = Debug;
		};
		B9276C462FDA6406002D4273 /* Release */ = {
			isa = XCBuildConfiguration;
			buildSettings = {
				ALWAYS_EMBED_SWIFT_STANDARD_LIBRARIES = YES;
				BUNDLE_LOADER = "$(TEST_HOST)";
				CODE_SIGN_STYLE = Automatic;
				CURRENT_PROJECT_VERSION = 1;
				DEVELOPMENT_TEAM = SPUV4PZBQ3;
				GENERATE_INFOPLIST_FILE = YES;
				IPHONEOS_DEPLOYMENT_TARGET = 16.2;
				MACOSX_DEPLOYMENT_TARGET = 12.7;
				MARKETING_VERSION = 1.0;
				PRODUCT_BUNDLE_IDENTIFIER = "com.ecomm-demo.ecomm-demoTests";
				PRODUCT_NAME = "$(TARGET_NAME)";
				SDKROOT = auto;
				SUPPORTED_PLATFORMS = "iphoneos iphonesimulator macosx";
				SWIFT_EMIT_LOC_STRINGS = NO;
				SWIFT_VERSION = 5.0;
				TARGETED_DEVICE_FAMILY = "1,2";
				TEST_HOST = "$(BUILT_PRODUCTS_DIR)/ecomm_demo.app/$(BUNDLE_EXECUTABLE_FOLDER_PATH)/ecomm_demo";
			};
			name = Release;
		};
		B9276C482FDA6406002D4273 /* Debug */ = {
			isa = XCBuildConfiguration;
			buildSettings = {
				ALWAYS_EMBED_SWIFT_STANDARD_LIBRARIES = YES;
				CODE_SIGN_STYLE = Automatic;
				CURRENT_PROJECT_VERSION = 1;
				DEVELOPMENT_TEAM = SPUV4PZBQ3;
				GENERATE_INFOPLIST_FILE = YES;
				IPHONEOS_DEPLOYMENT_TARGET = 16.2;
				MACOSX_DEPLOYMENT_TARGET = 12.7;
				MARKETING_VERSION = 1.0;
				PRODUCT_BUNDLE_IDENTIFIER = "com.ecomm-demo.ecomm-demoUITests";
				PRODUCT_NAME = "$(TARGET_NAME)";
				SDKROOT = auto;
				SUPPORTED_PLATFORMS = "iphoneos iphonesimulator macosx";
				SWIFT_EMIT_LOC_STRINGS = NO;
				SWIFT_VERSION = 5.0;
				TARGETED_DEVICE_FAMILY = "1,2";
				TEST_TARGET_NAME = ecomm_demo;
			};
			name = Debug;
		};
		B9276C492FDA6406002D4273 /* Release */ = {
			isa = XCBuildConfiguration;
			buildSettings = {
				ALWAYS_EMBED_SWIFT_STANDARD_LIBRARIES = YES;
				CODE_SIGN_STYLE = Automatic;
				CURRENT_PROJECT_VERSION = 1;
				DEVELOPMENT_TEAM = SPUV4PZBQ3;
				GENERATE_INFOPLIST_FILE = YES;
				IPHONEOS_DEPLOYMENT_TARGET = 16.2;
				MACOSX_DEPLOYMENT_TARGET = 12.7;
				MARKETING_VERSION = 1.0;
				PRODUCT_BUNDLE_IDENTIFIER = "com.ecomm-demo.ecomm-demoUITests";
				PRODUCT_NAME = "$(TARGET_NAME)";
				SDKROOT = auto;
				SUPPORTED_PLATFORMS = "iphoneos iphonesimulator macosx";
				SWIFT_EMIT_LOC_STRINGS = NO;
				SWIFT_VERSION = 5.0;
				TARGETED_DEVICE_FAMILY = "1,2";
				TEST_TARGET_NAME = ecomm_demo;
			};
			name = Release;
		};
/* End XCBuildConfiguration section */

/* Begin XCConfigurationList section */
		B9276C172FDA6403002D4273 /* Build configuration list for PBXProject "ecomm_demo" */ = {
			isa = XCConfigurationList;
			buildConfigurations = (
				B9276C3F2FDA6406002D4273 /* Debug */,
				B9276C402FDA6406002D4273 /* Release */,
			);
			defaultConfigurationIsVisible = 0;
			defaultConfigurationName = Release;
		};
		B9276C412FDA6406002D4273 /* Build configuration list for PBXNativeTarget "ecomm_demo" */ = {
			isa = XCConfigurationList;
			buildConfigurations = (
				B9276C422FDA6406002D4273 /* Debug */,
				B9276C432FDA6406002D4273 /* Release */,
			);
			defaultConfigurationIsVisible = 0;
			defaultConfigurationName = Release;
		};
		B9276C442FDA6406002D4273 /* Build configuration list for PBXNativeTarget "ecomm_demoTests" */ = {
			isa = XCConfigurationList;
			buildConfigurations = (
				B9276C452FDA6406002D4273 /* Debug */,
				B9276C462FDA6406002D4273 /* Release */,
			);
			defaultConfigurationIsVisible = 0;
			defaultConfigurationName = Release;
		};
		B9276C472FDA6406002D4273 /* Build configuration list for PBXNativeTarget "ecomm_demoUITests" */ = {
			isa = XCConfigurationList;
			buildConfigurations = (
				B9276C482FDA6406002D4273 /* Debug */,
				B9276C492FDA6406002D4273 /* Release */,
			);
			defaultConfigurationIsVisible = 0;
			defaultConfigurationName = Release;
		};
/* End XCConfigurationList section */
	};
	rootObject = B9276C142FDA6403002D4273 /* Project object */;
}
